
Microsoft Visual Studio Solution File, Format Version 12.00
# Visual Studio Version 16
VisualStudioVersion = 16.0.33801.447
MinimumVisualStudioVersion = 10.0.40219.1
Project("{FAE04EC0-301F-11D3-BF4B-00C04F79EFBC}") = "class Based", "class Based\class Based.csproj", "{3308A4CA-AB28-44F9-AD34-FE3CB967FB2A}"
EndProject
Global
	GlobalSection(SolutionConfigurationPlatforms) = preSolution
		Debug|Any CPU = Debug|Any CPU
		Release|Any CPU = Release|Any CPU
	EndGlobalSection
	GlobalSection(ProjectConfigurationPlatforms) = postSolution
		{3308A4CA-AB28-44F9-AD34-FE3CB967FB2A}.Debug|Any CPU.ActiveCfg = Debug|Any CPU
		{3308A4CA-AB28-44F9-AD34-FE3CB967FB2A}.Debug|Any CPU.Build.0 = Debug|Any CPU
		{3308A4CA-AB28-44F9-AD34-FE3CB967FB2A}.Release|Any CPU.ActiveCfg = Release|Any CPU
		{3308A4CA-AB28-44F9-AD34-FE3CB967FB2A}.Release|Any CPU.Build.0 = Release|Any CPU
	EndGlobalSection
	GlobalSection(SolutionProperties) = preSolution
		HideSolutionNode = FALSE
	EndGlobalSection
	GlobalSection(ExtensibilityGlobals) = postSolution
		SolutionGuid = {BD317EDE-5240-4182-AF22-92D3E5A7C91D}
	EndGlobalSection
EndGlobal
